github.com/night-codes/conv v1.0.2 h1:0u4R30EOHAN2aJK4yMdCyidpIEVUzpoZxUUIq7bD9ro=
github.com/night-codes/conv v1.0.2/go.mod h1:Lb9+y5Znhtq1/e2hJ93+FXkbLYyqAzyYe1tcSZvQa0k=
github.com/night-codes/go-sypexgeo v1.0.0 h1:TrrVkENKgjnGJ0Q+zVYOxMFS9WypS7Ygqf3G1UH3DjM=
github.com/night-codes/go-sypexgeo v1.0.0/go.mod h1:qoFQ2S30Iye2Es2ODVYSSWz4sEUlHyT0nyy+JYe9DWM=
